<?xml version="1.0" encoding="utf-8"?>
<Project ToolsVersion="4.0" xmlns="http://schemas.microsoft.com/developer/msbuild/2003">
  <ItemGroup>
    <Filter Include="src">
      <UniqueIdentifier>{35ca5b8a-72cf-4a68-b39c-057703e6af52}</UniqueIdentifier>
    </Filter>
    <Filter Include="src\Player">
      <UniqueIdentifier>{0ab0b579-822b-4ef8-8332-e0eb89100805}</UniqueIdentifier>
    </Filter>
    <Filter Include="src\Boss">
      <UniqueIdentifier>{7c34b233-641a-42c1-9b07-757a725d977f}</UniqueIdentifier>
    </Filter>
    <Filter Include="src\Camera">
      <UniqueIdentifier>{0bd5d2a0-db79-48bf-b11f-9b342a9ecf9c}</UniqueIdentifier>
    </Filter>
    <Filter Include="src\UI">
      <UniqueIdentifier>{dd27d7bc-a048-48eb-a387-8b81cf1d99a5}</UniqueIdentifier>
    </Filter>
    <Filter Include="src\GameLogic">
      <UniqueIdentifier>{cbcc7cdb-5025-4147-9e60-48a73236074f}</UniqueIdentifier>
    </Filter>
    <Filter Include="src\Screens">
      <UniqueIdentifier>{cc811d85-f920-419d-854f-b447ddcf0a29}</UniqueIdentifier>
    </Filter>
    <Filter Include="src\Audio">
      <UniqueIdentifier>{975c2052-1ecc-4f1b-a91e-6dacb59f25c6}</UniqueIdentifier>
    </Filter>
    <Filter Include="src\Screens\Levels">
      <UniqueIdentifier>{aba29fac-ed9d-4949-9722-4bb5285be4ba}</UniqueIdentifier>
    </Filter>
  </ItemGroup>
  <ItemGroup>
    <ClCompile Include="src\main.c">
      <Filter>src</Filter>
    </ClCompile>
    <ClCompile Include="src\Player\player.c">
      <Filter>src\Player</Filter>
    </ClCompile>
    <ClCompile Include="src\Bosses\Boss.c">
      <Filter>src\Boss</Filter>
    </ClCompile>
    <ClCompile Include="src\GameLogic\ScreenManager.c">
      <Filter>src\GameLogic</Filter>
    </ClCompile>
    <ClCompile Include="src\GameLogic\Button.c">
      <Filter>src\GameLogic</Filter>
    </ClCompile>
    <ClCompile Include="src\Screen\fader.c">
      <Filter>src\UI</Filter>
    </ClCompile>
    <ClCompile Include="src\Player\Arrow.c">
      <Filter>src\Player</Filter>
    </ClCompile>
    <ClCompile Include="src\GameLogic\grid.c">
      <Filter>src\GameLogic</Filter>
    </ClCompile>
    <ClCompile Include="src\GameLogic\BlobInput.c">
      <Filter>src\GameLogic</Filter>
    </ClCompile>
    <ClCompile Include="src\Screen\scr_intro.c">
      <Filter>src\Screens</Filter>
    </ClCompile>
    <ClCompile Include="src\Screen\scr_mainmenu.c">
      <Filter>src\Screens</Filter>
    </ClCompile>
    <ClCompile Include="src\Screen\scr_options.c">
      <Filter>src\Screens</Filter>
    </ClCompile>
    <ClCompile Include="src\GameLogic\Collider.c">
      <Filter>src\GameLogic</Filter>
    </ClCompile>
    <ClCompile Include="src\Bosses\Boss1.c">
      <Filter>src\Boss</Filter>
    </ClCompile>
    <ClCompile Include="src\Camera\Camera.c">
      <Filter>src\Camera</Filter>
    </ClCompile>
    <ClCompile Include="src\Screen\scr_credits.c">
      <Filter>src\Screens</Filter>
    </ClCompile>
    <ClCompile Include="src\GameLogic\SaveLoad.c">
      <Filter>src\GameLogic</Filter>
    </ClCompile>
    <ClCompile Include="src\GameLogic\Collision.c">
      <Filter>src\GameLogic</Filter>
    </ClCompile>
    <ClCompile Include="src\Screen\scr_gameover.c">
      <Filter>src\Screens</Filter>
    </ClCompile>
    <ClCompile Include="src\Audio\AudioManager.c">
      <Filter>src\Audio</Filter>
    </ClCompile>
    <ClCompile Include="src\Screen\pause_overlay.c">
      <Filter>src\Screens</Filter>
    </ClCompile>
    <ClCompile Include="src\Screen\scr_level_1.c">
      <Filter>src\Screens\Levels</Filter>
    </ClCompile>
    <ClCompile Include="src\Screen\scr_tutorial.c">
      <Filter>src\Screens\Levels</Filter>
    </ClCompile>
    <ClCompile Include="src\Bosses\Boss2.c">
      <Filter>src\Boss</Filter>
    </ClCompile>
    <ClCompile Include="src\Screen\scr_level_2.c">
      <Filter>src\Screens\Levels</Filter>
    </ClCompile>
  </ItemGroup>
  <ItemGroup>
    <ClInclude Include="src\Player\player.h">
      <Filter>src\Player</Filter>
    </ClInclude>
    <ClInclude Include="src\Bosses\Boss.h">
      <Filter>src\Boss</Filter>
    </ClInclude>
    <ClInclude Include="src\GameLogic\ScreenManager.h">
      <Filter>src\GameLogic</Filter>
    </ClInclude>
    <ClInclude Include="src\GameLogic\Button.h">
      <Filter>src\GameLogic</Filter>
    </ClInclude>
    <ClInclude Include="src\Screen\fader.h">
      <Filter>src\UI</Filter>
    </ClInclude>
    <ClInclude Include="src\Player\Arrow.h">
      <Filter>src\Player</Filter>
    </ClInclude>
    <ClInclude Include="src\GameLogic\grid.h">
      <Filter>src\GameLogic</Filter>
    </ClInclude>
    <ClInclude Include="src\GameLogic\BlobInput.h">
      <Filter>src\GameLogic</Filter>
    </ClInclude>
    <ClInclude Include="src\Screen\scr_intro.h">
      <Filter>src\Screens</Filter>
    </ClInclude>
    <ClInclude Include="src\Screen\scr_mainmenu.h">
      <Filter>src\Screens</Filter>
    </ClInclude>
    <ClInclude Include="src\Screen\scr_options.h">
      <Filter>src\Screens</Filter>
    </ClInclude>
    <ClInclude Include="src\GameLogic\Collider.h">
      <Filter>src\GameLogic</Filter>
    </ClInclude>
    <ClInclude Include="src\Bosses\Boss1.h">
      <Filter>src\Boss</Filter>
    </ClInclude>
    <ClInclude Include="src\Camera\Camera.h">
      <Filter>src\Camera</Filter>
    </ClInclude>
    <ClInclude Include="src\Screen\scr_credits.h">
      <Filter>src\Screens</Filter>
    </ClInclude>
    <ClInclude Include="src\GameLogic\SaveLoad.h">
      <Filter>src\GameLogic</Filter>
    </ClInclude>
    <ClInclude Include="src\GameLogic\Collision.h">
      <Filter>src\GameLogic</Filter>
    </ClInclude>
    <ClInclude Include="src\Screen\scr_gameover.h">
      <Filter>src\Screens</Filter>
    </ClInclude>
    <ClInclude Include="src\Audio\AudioManager.h">
      <Filter>src\Audio</Filter>
    </ClInclude>
    <ClInclude Include="src\Screen\pause_overlay.h">
      <Filter>src\Screens</Filter>
    </ClInclude>
    <ClInclude Include="src\Screen\scr_level_1.h">
      <Filter>src\Screens\Levels</Filter>
    </ClInclude>
    <ClInclude Include="src\Screen\scr_tutorial.h">
      <Filter>src\Screens\Levels</Filter>
    </ClInclude>
    <ClInclude Include="src\Bosses\Boss2.h">
      <Filter>src\Boss</Filter>
    </ClInclude>
    <ClInclude Include="src\Screen\scr_level_2.h">
      <Filter>src\Screens\Levels</Filter>
    </ClInclude>
  </ItemGroup>
</Project>