<?xml version="1.0" encoding="utf-8"?>
<Project ToolsVersion="4.0" xmlns="http://schemas.microsoft.com/developer/msbuild/2003">
  <ItemGroup>
    <Filter Include="src">
      <UniqueIdentifier>{35ca5b8a-72cf-4a68-b39c-057703e6af52}</UniqueIdentifier>
    </Filter>
    <Filter Include="src\Input">
      <UniqueIdentifier>{3799d3b0-4a0d-4b85-9d10-ee7ed4be0591}</UniqueIdentifier>
    </Filter>
    <Filter Include="src\Player">
      <UniqueIdentifier>{0ab0b579-822b-4ef8-8332-e0eb89100805}</UniqueIdentifier>
    </Filter>
    <Filter Include="src\Save/Load">
      <UniqueIdentifier>{a16a14d3-54df-4663-9073-c4ed80458ddf}</UniqueIdentifier>
    </Filter>
    <Filter Include="src\Boss">
      <UniqueIdentifier>{7c34b233-641a-42c1-9b07-757a725d977f}</UniqueIdentifier>
    </Filter>
    <Filter Include="src\Camera">
      <UniqueIdentifier>{0bd5d2a0-db79-48bf-b11f-9b342a9ecf9c}</UniqueIdentifier>
    </Filter>
    <Filter Include="src\Level">
      <UniqueIdentifier>{9e41956f-c5da-4e46-927b-1546170a7f37}</UniqueIdentifier>
    </Filter>
    <Filter Include="src\UI">
      <UniqueIdentifier>{dd27d7bc-a048-48eb-a387-8b81cf1d99a5}</UniqueIdentifier>
    </Filter>
    <Filter Include="src\GameLogic">
      <UniqueIdentifier>{cbcc7cdb-5025-4147-9e60-48a73236074f}</UniqueIdentifier>
    </Filter>
    <Filter Include="src\Screens">
      <UniqueIdentifier>{cc811d85-f920-419d-854f-b447ddcf0a29}</UniqueIdentifier>
    </Filter>
  </ItemGroup>
  <ItemGroup>
    <ClCompile Include="src\main.c">
      <Filter>src</Filter>
    </ClCompile>
    <ClCompile Include="src\Player\player.c">
      <Filter>src\Player</Filter>
    </ClCompile>
    <ClCompile Include="src\Input\InputManager.c">
      <Filter>src\Input</Filter>
    </ClCompile>
    <ClCompile Include="src\Screen\src_intro.c">
      <Filter>src\Screens</Filter>
    </ClCompile>
    <ClCompile Include="src\Screen\src_mainmenu.c">
      <Filter>src\Screens</Filter>
    </ClCompile>
    <ClCompile Include="src\Bosses\Boss.c">
      <Filter>src\Boss</Filter>
    </ClCompile>
    <ClCompile Include="src\GameLogic\ScreenManager.c">
      <Filter>src\GameLogic</Filter>
    </ClCompile>
    <ClCompile Include="src\GameLogic\Button.c">
      <Filter>src\GameLogic</Filter>
    </ClCompile>
    <ClCompile Include="src\Screen\fader.c">
      <Filter>src\UI</Filter>
    </ClCompile>
    <ClCompile Include="src\GameLogic\BlobInput.c">
      <Filter>src\GameLogic</Filter>
    </ClCompile>
  </ItemGroup>
  <ItemGroup>
    <ClInclude Include="src\Player\player.h">
      <Filter>src\Player</Filter>
    </ClInclude>
    <ClInclude Include="src\Screen\src_intro.h">
      <Filter>src\Screens</Filter>
    </ClInclude>
    <ClInclude Include="src\Screen\src_mainmenu.h">
      <Filter>src\Screens</Filter>
    </ClInclude>
    <ClInclude Include="src\Bosses\Boss.h">
      <Filter>src\Boss</Filter>
    </ClInclude>
    <ClInclude Include="src\GameLogic\ScreenManager.h">
      <Filter>src\GameLogic</Filter>
    </ClInclude>
    <ClInclude Include="src\GameLogic\Button.h">
      <Filter>src\GameLogic</Filter>
    </ClInclude>
    <ClInclude Include="src\Screen\fader.h">
      <Filter>src\UI</Filter>
    </ClInclude>
    <ClInclude Include="src\GameLogic\BlobInput.h">
      <Filter>src\GameLogic</Filter>
    </ClInclude>
  </ItemGroup>
</Project>